
Microsoft Visual Studio Solution File, Format Version 12.00
# Visual Studio 15
VisualStudioVersion = 15.0.26228.9
MinimumVisualStudioVersion = 10.0.40219.1
Project("{FAE04EC0-301F-11D3-BF4B-00C04F79EFBC}") = "ListApp.Api", "ListApp.Api\ListApp.Api.csproj", "{5323BC7A-28EB-4CE4-99EB-E376E52DD362}"
EndProject
Project("{FAE04EC0-301F-11D3-BF4B-00C04F79EFBC}") = "ListApp.Api.Tests", "ListApp.Api.Tests\ListApp.Api.Tests.csproj", "{CE125463-A43E-49C3-B275-3E4F5D145BE8}"
EndProject
Project("{FAE04EC0-301F-11D3-BF4B-00C04F79EFBC}") = "ListApp.Api.Repositories", "ListApp.Api.Repositories\ListApp.Api.Repositories.csproj", "{57619956-4577-4376-8F67-17DDA4320310}"
EndProject
Project("{FAE04EC0-301F-11D3-BF4B-00C04F79EFBC}") = "ListApp.Api.Contracts", "ListApp.Api.Contracts\ListApp.Api.Contracts.csproj", "{F895DFD4-2AB2-4935-9DA8-8D2A5C3D91FA}"
EndProject
Global
	GlobalSection(SolutionConfigurationPlatforms) = preSolution
		Debug|Any CPU = Debug|Any CPU
		Release|Any CPU = Release|Any CPU
	EndGlobalSection
	GlobalSection(ProjectConfigurationPlatforms) = postSolution
		{5323BC7A-28EB-4CE4-99EB-E376E52DD362}.Debug|Any CPU.ActiveCfg = Debug|Any CPU
		{5323BC7A-28EB-4CE4-99EB-E376E52DD362}.Debug|Any CPU.Build.0 = Debug|Any CPU
		{5323BC7A-28EB-4CE4-99EB-E376E52DD362}.Release|Any CPU.ActiveCfg = Release|Any CPU
		{5323BC7A-28EB-4CE4-99EB-E376E52DD362}.Release|Any CPU.Build.0 = Release|Any CPU
		{CE125463-A43E-49C3-B275-3E4F5D145BE8}.Debug|Any CPU.ActiveCfg = Debug|Any CPU
		{CE125463-A43E-49C3-B275-3E4F5D145BE8}.Debug|Any CPU.Build.0 = Debug|Any CPU
		{CE125463-A43E-49C3-B275-3E4F5D145BE8}.Release|Any CPU.ActiveCfg = Release|Any CPU
		{CE125463-A43E-49C3-B275-3E4F5D145BE8}.Release|Any CPU.Build.0 = Release|Any CPU
		{57619956-4577-4376-8F67-17DDA4320310}.Debug|Any CPU.ActiveCfg = Debug|Any CPU
		{57619956-4577-4376-8F67-17DDA4320310}.Debug|Any CPU.Build.0 = Debug|Any CPU
		{57619956-4577-4376-8F67-17DDA4320310}.Release|Any CPU.ActiveCfg = Release|Any CPU
		{57619956-4577-4376-8F67-17DDA4320310}.Release|Any CPU.Build.0 = Release|Any CPU
		{F895DFD4-2AB2-4935-9DA8-8D2A5C3D91FA}.Debug|Any CPU.ActiveCfg = Debug|Any CPU
		{F895DFD4-2AB2-4935-9DA8-8D2A5C3D91FA}.Debug|Any CPU.Build.0 = Debug|Any CPU
		{F895DFD4-2AB2-4935-9DA8-8D2A5C3D91FA}.Release|Any CPU.ActiveCfg = Release|Any CPU
		{F895DFD4-2AB2-4935-9DA8-8D2A5C3D91FA}.Release|Any CPU.Build.0 = Release|Any CPU
	EndGlobalSection
	GlobalSection(SolutionProperties) = preSolution
		HideSolutionNode = FALSE
	EndGlobalSection
EndGlobal
